version = 1
requires-python = ">=3.12"

[[package]]
name = "day-08"
version = "0.1.0"
source = { virtual = "." }
dependencies = [
    { name = "networkx" },
]

[package.metadata]
requires-dist = [{ name = "networkx", specifier = ">=3.6" }]

[[package]]
name = "networkx"
version = "3.6"
source = { registry = "https://pypi.org/simple" }
sdist = { url = "https://files.pythonhosted.org/packages/e8/fc/7b6fd4d22c8c4dc5704430140d8b3f520531d4fe7328b8f8d03f5a7950e8/networkx-3.6.tar.gz", hash = "sha256:285276002ad1f7f7da0f7b42f004bcba70d381e936559166363707fdad3d72ad", size = 2511464 }
wheels = [
    { url = "https://files.pythonhosted.org/packages/07/c7/d64168da60332c17d24c0d2f08bdf3987e8d1ae9d84b5bbd0eec2eb26a55/networkx-3.6-py3-none-any.whl", hash = "sha256:cdb395b105806062473d3be36458d8f1459a4e4b98e236a66c3a48996e07684f", size = 2063713 },
]
